
Microsoft Visual Studio Solution File, Format Version 12.00
# Visual Studio 2012
Project("{FAE04EC0-301F-11D3-BF4B-00C04F79EFBC}") = "PushKitExample", "PushKitExample\PushKitExample.csproj", "{44106F44-3004-4A9E-A55D-75D60766CA2B}"
EndProject
Project("{FAE04EC0-301F-11D3-BF4B-00C04F79EFBC}") = "PushKitExample.iOS", "iOS\PushKitExample.iOS.csproj", "{090B5E3D-C3C8-4BEF-B29F-7858FBC95E5D}"
EndProject
Project("{FAE04EC0-301F-11D3-BF4B-00C04F79EFBC}") = "PushKitExample.Droid", "Droid\PushKitExample.Droid.csproj", "{1B446C97-984D-485B-9429-BB6472F9E899}"
EndProject
Global
	GlobalSection(SolutionConfigurationPlatforms) = preSolution
		Debug|Any CPU = Debug|Any CPU
		Release|Any CPU = Release|Any CPU
		Debug|iPhoneSimulator = Debug|iPhoneSimulator
		Release|iPhone = Release|iPhone
		Release|iPhoneSimulator = Release|iPhoneSimulator
		Debug|iPhone = Debug|iPhone
	EndGlobalSection
	GlobalSection(ProjectConfigurationPlatforms) = postSolution
		{090B5E3D-C3C8-4BEF-B29F-7858FBC95E5D}.Debug|Any CPU.ActiveCfg = Debug|iPhoneSimulator
		{090B5E3D-C3C8-4BEF-B29F-7858FBC95E5D}.Debug|Any CPU.Build.0 = Debug|iPhoneSimulator
		{090B5E3D-C3C8-4BEF-B29F-7858FBC95E5D}.Debug|iPhone.ActiveCfg = Debug|iPhone
		{090B5E3D-C3C8-4BEF-B29F-7858FBC95E5D}.Debug|iPhone.Build.0 = Debug|iPhone
		{090B5E3D-C3C8-4BEF-B29F-7858FBC95E5D}.Debug|iPhoneSimulator.ActiveCfg = Debug|iPhoneSimulator
		{090B5E3D-C3C8-4BEF-B29F-7858FBC95E5D}.Debug|iPhoneSimulator.Build.0 = Debug|iPhoneSimulator
		{090B5E3D-C3C8-4BEF-B29F-7858FBC95E5D}.Release|Any CPU.ActiveCfg = Release|iPhone
		{090B5E3D-C3C8-4BEF-B29F-7858FBC95E5D}.Release|Any CPU.Build.0 = Release|iPhone
		{090B5E3D-C3C8-4BEF-B29F-7858FBC95E5D}.Release|iPhone.ActiveCfg = Release|iPhone
		{090B5E3D-C3C8-4BEF-B29F-7858FBC95E5D}.Release|iPhone.Build.0 = Release|iPhone
		{090B5E3D-C3C8-4BEF-B29F-7858FBC95E5D}.Release|iPhoneSimulator.ActiveCfg = Release|iPhoneSimulator
		{090B5E3D-C3C8-4BEF-B29F-7858FBC95E5D}.Release|iPhoneSimulator.Build.0 = Release|iPhoneSimulator
		{1B446C97-984D-485B-9429-BB6472F9E899}.Debug|Any CPU.ActiveCfg = Debug|Any CPU
		{1B446C97-984D-485B-9429-BB6472F9E899}.Debug|Any CPU.Build.0 = Debug|Any CPU
		{1B446C97-984D-485B-9429-BB6472F9E899}.Debug|iPhone.ActiveCfg = Debug|Any CPU
		{1B446C97-984D-485B-9429-BB6472F9E899}.Debug|iPhone.Build.0 = Debug|Any CPU
		{1B446C97-984D-485B-9429-BB6472F9E899}.Debug|iPhoneSimulator.ActiveCfg = Debug|Any CPU
		{1B446C97-984D-485B-9429-BB6472F9E899}.Debug|iPhoneSimulator.Build.0 = Debug|Any CPU
		{1B446C97-984D-485B-9429-BB6472F9E899}.Release|Any CPU.ActiveCfg = Release|Any CPU
		{1B446C97-984D-485B-9429-BB6472F9E899}.Release|Any CPU.Build.0 = Release|Any CPU
		{1B446C97-984D-485B-9429-BB6472F9E899}.Release|iPhone.ActiveCfg = Release|Any CPU
		{1B446C97-984D-485B-9429-BB6472F9E899}.Release|iPhone.Build.0 = Release|Any CPU
		{1B446C97-984D-485B-9429-BB6472F9E899}.Release|iPhoneSimulator.ActiveCfg = Release|Any CPU
		{1B446C97-984D-485B-9429-BB6472F9E899}.Release|iPhoneSimulator.Build.0 = Release|Any CPU
		{44106F44-3004-4A9E-A55D-75D60766CA2B}.Debug|Any CPU.ActiveCfg = Debug|Any CPU
		{44106F44-3004-4A9E-A55D-75D60766CA2B}.Debug|Any CPU.Build.0 = Debug|Any CPU
		{44106F44-3004-4A9E-A55D-75D60766CA2B}.Debug|iPhone.ActiveCfg = Debug|Any CPU
		{44106F44-3004-4A9E-A55D-75D60766CA2B}.Debug|iPhone.Build.0 = Debug|Any CPU
		{44106F44-3004-4A9E-A55D-75D60766CA2B}.Debug|iPhoneSimulator.ActiveCfg = Debug|Any CPU
		{44106F44-3004-4A9E-A55D-75D60766CA2B}.Debug|iPhoneSimulator.Build.0 = Debug|Any CPU
		{44106F44-3004-4A9E-A55D-75D60766CA2B}.Release|Any CPU.ActiveCfg = Release|Any CPU
		{44106F44-3004-4A9E-A55D-75D60766CA2B}.Release|Any CPU.Build.0 = Release|Any CPU
		{44106F44-3004-4A9E-A55D-75D60766CA2B}.Release|iPhone.ActiveCfg = Release|Any CPU
		{44106F44-3004-4A9E-A55D-75D60766CA2B}.Release|iPhone.Build.0 = Release|Any CPU
		{44106F44-3004-4A9E-A55D-75D60766CA2B}.Release|iPhoneSimulator.ActiveCfg = Release|Any CPU
		{44106F44-3004-4A9E-A55D-75D60766CA2B}.Release|iPhoneSimulator.Build.0 = Release|Any CPU
	EndGlobalSection
EndGlobal
